# This file is automatically @generated by Cargo.
# It is not intended for manual editing.
version = 3

[[package]]
name = "avox-core"
version = "0.0.1"

[[package]]
name = "avox-engine"
version = "0.0.1"
dependencies = [
 "avox-core",
]

[[package]]
name = "avox-ipc"
version = "0.0.1"
dependencies = [
 "avox-core",
]

[[package]]
name = "avox-service"
version = "0.0.1"
dependencies = [
 "avox-core",
 "avox-engine",
 "avox-ipc",
]
